
Microsoft Visual Studio Solution File, Format Version 12.00
# Visual Studio 15
Project("{FAE04EC0-301F-11D3-BF4B-00C04F79EFBC}") = "Assembly-CSharp-Editor", "Assembly-CSharp-Editor.csproj", "{B05B1E7A-3505-43CD-0864-62CBEF10DF08}"
EndProject
Project("{FAE04EC0-301F-11D3-BF4B-00C04F79EFBC}") = "Assembly-CSharp", "Assembly-CSharp.csproj", "{92AF90AE-F24C-D826-A1CB-E5BB4B084269}"
EndProject
Global
	GlobalSection(SolutionConfigurationPlatforms) = preSolution
		Debug|Any CPU = Debug|Any CPU
		Release|Any CPU = Release|Any CPU
	EndGlobalSection
	GlobalSection(ProjectConfigurationPlatforms) = postSolution
		{B05B1E7A-3505-43CD-0864-62CBEF10DF08}.Debug|Any CPU.ActiveCfg = Debug|Any CPU
		{B05B1E7A-3505-43CD-0864-62CBEF10DF08}.Debug|Any CPU.Build.0 = Debug|Any CPU
		{B05B1E7A-3505-43CD-0864-62CBEF10DF08}.Release|Any CPU.ActiveCfg = Release|Any CPU
		{B05B1E7A-3505-43CD-0864-62CBEF10DF08}.Release|Any CPU.Build.0 = Release|Any CPU
		{92AF90AE-F24C-D826-A1CB-E5BB4B084269}.Debug|Any CPU.ActiveCfg = Debug|Any CPU
		{92AF90AE-F24C-D826-A1CB-E5BB4B084269}.Debug|Any CPU.Build.0 = Debug|Any CPU
		{92AF90AE-F24C-D826-A1CB-E5BB4B084269}.Release|Any CPU.ActiveCfg = Release|Any CPU
		{92AF90AE-F24C-D826-A1CB-E5BB4B084269}.Release|Any CPU.Build.0 = Release|Any CPU
	EndGlobalSection
	GlobalSection(SolutionProperties) = preSolution
		HideSolutionNode = FALSE
	EndGlobalSection
EndGlobal
